// !$*UTF8*$!
{
	archiveVersion = 1;
	classes = {
	};
	objectVersion = 48;
	objects = {

/* Begin PBXBuildFile section */
		CC275E2C1FA632DF00E8CB24 /* StateGame.swift in Sources */ = {isa = PBXBuildFile; fileRef = CC275E2B1FA632DF00E8CB24 /* StateGame.swift */; };
		CC784A0E1F8B35F100AFA945 /* AppDelegate.swift in Sources */ = {isa = PBXBuildFile; fileRef = CC784A0D1F8B35F100AFA945 /* AppDelegate.swift */; };
		CC784A101F8B35F100AFA945 /* MainViewController.swift in Sources */ = {isa = PBXBuildFile; fileRef = CC784A0F1F8B35F100AFA945 /* MainViewController.swift */; };
		CC784A131F8B35F100AFA945 /* Main.storyboard in Resources */ = {isa = PBXBuildFile; fileRef = CC784A111F8B35F100AFA945 /* Main.storyboard */; };
		CC784A151F8B35F100AFA945 /* Assets.xcassets in Resources */ = {isa = PBXBuildFile; fileRef = CC784A141F8B35F100AFA945 /* Assets.xcassets */; };
		CC784A181F8B35F100AFA945 /* LaunchScreen.storyboard in Resources */ = {isa = PBXBuildFile; fileRef = CC784A161F8B35F100AFA945 /* LaunchScreen.storyboard */; };
		CC784A211F8B3D3C00AFA945 /* player.png in Resources */ = {isa = PBXBuildFile; fileRef = CC784A201F8B3D3C00AFA945 /* player.png */; };
		CC784A271F8B3FDA00AFA945 /* background.jpg in Resources */ = {isa = PBXBuildFile; fileRef = CC784A261F8B3FDA00AFA945 /* background.jpg */; };
		CC784A2A1F8B416E00AFA945 /* lightning.png in Resources */ = {isa = PBXBuildFile; fileRef = CC784A281F8B416E00AFA945 /* lightning.png */; };
		CC784A2B1F8B416E00AFA945 /* star.png in Resources */ = {isa = PBXBuildFile; fileRef = CC784A291F8B416E00AFA945 /* star.png */; };
		CC784A2D1F8B417500AFA945 /* heart.png in Resources */ = {isa = PBXBuildFile; fileRef = CC784A2C1F8B417500AFA945 /* heart.png */; };
		CC784A331F8B462B00AFA945 /* Weapon.swift in Sources */ = {isa = PBXBuildFile; fileRef = CC784A321F8B462B00AFA945 /* Weapon.swift */; };
		CCDC51F11FA5C7AF00B7A44F /* HelpItem.swift in Sources */ = {isa = PBXBuildFile; fileRef = CCDC51F01FA5C7AF00B7A44F /* HelpItem.swift */; };
		CCDC51F31FA5C96A00B7A44F /* JudgeIntersect.swift in Sources */ = {isa = PBXBuildFile; fileRef = CCDC51F21FA5C96A00B7A44F /* JudgeIntersect.swift */; };
		CCDC51F51FA5D1C600B7A44F /* cloud.png in Resources */ = {isa = PBXBuildFile; fileRef = CCDC51F41FA5D1C600B7A44F /* cloud.png */; };
		CCEBBD4A1FAB7C14007E71FD /* start.png in Resources */ = {isa = PBXBuildFile; fileRef = CCEBBD491FAB7C14007E71FD /* start.png */; };
		CCEBBD511FAC76F0007E71FD /* se1.mp3 in Resources */ = {isa = PBXBuildFile; fileRef = CCEBBD4E1FAC76F0007E71FD /* se1.mp3 */; };
		CCEBBD521FAC76F0007E71FD /* gameclear.wav in Resources */ = {isa = PBXBuildFile; fileRef = CCEBBD4F1FAC76F0007E71FD /* gameclear.wav */; };
		CCEBBD531FAC76F0007E71FD /* gameover.mp3 in Resources */ = {isa = PBXBuildFile; fileRef = CCEBBD501FAC76F0007E71FD /* gameover.mp3 */; };
		CCEBBD551FAC7DED007E71FD /* Sounds.swift in Sources */ = {isa = PBXBuildFile; fileRef = CCEBBD541FAC7DED007E71FD /* Sounds.swift */; };
		CCEBBD591FACA656007E71FD /* TouchScreen.swift in Sources */ = {isa = PBXBuildFile; fileRef = CCEBBD581FACA656007E71FD /* TouchScreen.swift */; };
		CCFDD1A81FAB6A4F00E6E299 /* InitialViewController.swift in Sources */ = {isa = PBXBuildFile; fileRef = CCFDD1A71FAB6A4F00E6E299 /* InitialViewController.swift */; };
		CCFDD1AA1FAB70AE00E6E299 /* Constans.swift in Sources */ = {isa = PBXBuildFile; fileRef = CCFDD1A91FAB70AD00E6E299 /* Constans.swift */; };
/* End PBXBuildFile section */

/* Begin PBXFileReference section */
		CC275E2B1FA632DF00E8CB24 /* StateGame.swift */ = {isa = PBXFileReference; lastKnownFileType = sourcecode.swift; path = StateGame.swift; sourceTree = "<group>"; };
		CC784A0A1F8B35F100AFA945 /* OriginalGame.app */ = {isa = PBXFileReference; explicitFileType = wrapper.application; includeInIndex = 0; path = OriginalGame.app; sourceTree = BUILT_PRODUCTS_DIR; };
		CC784A0D1F8B35F100AFA945 /* AppDelegate.swift */ = {isa = PBXFileReference; lastKnownFileType = sourcecode.swift; path = AppDelegate.swift; sourceTree = "<group>"; };
		CC784A0F1F8B35F100AFA945 /* MainViewController.swift */ = {isa = PBXFileReference; lastKnownFileType = sourcecode.swift; path = MainViewController.swift; sourceTree = "<group>"; };
		CC784A121F8B35F100AFA945 /* Base */ = {isa = PBXFileReference; lastKnownFileType = file.storyboard; name = Base; path = Base.lproj/Main.storyboard; sourceTree = "<group>"; };
		CC784A141F8B35F100AFA945 /* Assets.xcassets */ = {isa = PBXFileReference; lastKnownFileType = folder.assetcatalog; path = Assets.xcassets; sourceTree = "<group>"; };
		CC784A171F8B35F100AFA945 /* Base */ = {isa = PBXFileReference; lastKnownFileType = file.storyboard; name = Base; path = Base.lproj/LaunchScreen.storyboard; sourceTree = "<group>"; };
		CC784A191F8B35F100AFA945 /* Info.plist */ = {isa = PBXFileReference; lastKnownFileType = text.plist.xml; path = Info.plist; sourceTree = "<group>"; };
		CC784A201F8B3D3C00AFA945 /* player.png */ = {isa = PBXFileReference; lastKnownFileType = image.png; path = player.png; sourceTree = "<group>"; };
		CC784A261F8B3FDA00AFA945 /* background.jpg */ = {isa = PBXFileReference; lastKnownFileType = image.jpeg; path = background.jpg; sourceTree = "<group>"; };
		CC784A281F8B416E00AFA945 /* lightning.png */ = {isa = PBXFileReference; lastKnownFileType = image.png; path = lightning.png; sourceTree = "<group>"; };
		CC784A291F8B416E00AFA945 /* star.png */ = {isa = PBXFileReference; lastKnownFileType = image.png; path = star.png; sourceTree = "<group>"; };
		CC784A2C1F8B417500AFA945 /* heart.png */ = {isa = PBXFileReference; lastKnownFileType = image.png; path = heart.png; sourceTree = "<group>"; };
		CC784A321F8B462B00AFA945 /* Weapon.swift */ = {isa = PBXFileReference; lastKnownFileType = sourcecode.swift; path = Weapon.swift; sourceTree = "<group>"; };
		CCDC51F01FA5C7AF00B7A44F /* HelpItem.swift */ = {isa = PBXFileReference; lastKnownFileType = sourcecode.swift; path = HelpItem.swift; sourceTree = "<group>"; };
		CCDC51F21FA5C96A00B7A44F /* JudgeIntersect.swift */ = {isa = PBXFileReference; lastKnownFileType = sourcecode.swift; path = JudgeIntersect.swift; sourceTree = "<group>"; };
		CCDC51F41FA5D1C600B7A44F /* cloud.png */ = {isa = PBXFileReference; lastKnownFileType = image.png; path = cloud.png; sourceTree = "<group>"; };
		CCEBBD491FAB7C14007E71FD /* start.png */ = {isa = PBXFileReference; lastKnownFileType = image.png; path = start.png; sourceTree = "<group>"; };
		CCEBBD4C1FAC769A007E71FD /* AVFoundation.framework */ = {isa = PBXFileReference; lastKnownFileType = wrapper.framework; name = AVFoundation.framework; path = System/Library/Frameworks/AVFoundation.framework; sourceTree = SDKROOT; };
		CCEBBD4E1FAC76F0007E71FD /* se1.mp3 */ = {isa = PBXFileReference; lastKnownFileType = audio.mp3; name = se1.mp3; path = ../../../../../Desktop/se1.mp3; sourceTree = "<group>"; };
		CCEBBD4F1FAC76F0007E71FD /* gameclear.wav */ = {isa = PBXFileReference; lastKnownFileType = audio.wav; name = gameclear.wav; path = ../../../../../Desktop/gameclear.wav; sourceTree = "<group>"; };
		CCEBBD501FAC76F0007E71FD /* gameover.mp3 */ = {isa = PBXFileReference; lastKnownFileType = audio.mp3; name = gameover.mp3; path = ../../../../../Desktop/gameover.mp3; sourceTree = "<group>"; };
		CCEBBD541FAC7DED007E71FD /* Sounds.swift */ = {isa = PBXFileReference; lastKnownFileType = sourcecode.swift; path = Sounds.swift; sourceTree = "<group>"; };
		CCEBBD581FACA656007E71FD /* TouchScreen.swift */ = {isa = PBXFileReference; lastKnownFileType = sourcecode.swift; path = TouchScreen.swift; sourceTree = "<group>"; };
		CCFDD1A71FAB6A4F00E6E299 /* InitialViewController.swift */ = {isa = PBXFileReference; lastKnownFileType = sourcecode.swift; path = InitialViewController.swift; sourceTree = "<group>"; };
		CCFDD1A91FAB70AD00E6E299 /* Constans.swift */ = {isa = PBXFileReference; lastKnownFileType = sourcecode.swift; path = Constans.swift; sourceTree = "<group>"; };
/* End PBXFileReference section */

/* Begin PBXFrameworksBuildPhase section */
		CC784A071F8B35F100AFA945 /* Frameworks */ = {
			isa = PBXFrameworksBuildPhase;
			buildActionMask = 2147483647;
			files = (
			);
			runOnlyForDeploymentPostprocessing = 0;
		};
/* End PBXFrameworksBuildPhase section */

/* Begin PBXGroup section */
		CC784A011F8B35F100AFA945 = {
			isa = PBXGroup;
			children = (
				CC784A0C1F8B35F100AFA945 /* OriginalGame */,
				CC784A0B1F8B35F100AFA945 /* Products */,
				CCEBBD4B1FAC769A007E71FD /* Frameworks */,
			);
			sourceTree = "<group>";
		};
		CC784A0B1F8B35F100AFA945 /* Products */ = {
			isa = PBXGroup;
			children = (
				CC784A0A1F8B35F100AFA945 /* OriginalGame.app */,
			);
			name = Products;
			sourceTree = "<group>";
		};
		CC784A0C1F8B35F100AFA945 /* OriginalGame */ = {
			isa = PBXGroup;
			children = (
				CCEBBD4D1FAC76DD007E71FD /* sounds */,
				CC784A0D1F8B35F100AFA945 /* AppDelegate.swift */,
				CC784A1F1F8B3CE400AFA945 /* Images */,
				CC784A311F8B45D100AFA945 /* Model */,
				CC784A2F1F8B45C400AFA945 /* View */,
				CC784A301F8B45CB00AFA945 /* Controller */,
				CC784A141F8B35F100AFA945 /* Assets.xcassets */,
				CC784A191F8B35F100AFA945 /* Info.plist */,
				CCFDD1A91FAB70AD00E6E299 /* Constans.swift */,
			);
			path = OriginalGame;
			sourceTree = "<group>";
		};
		CC784A1F1F8B3CE400AFA945 /* Images */ = {
			isa = PBXGroup;
			children = (
				CCEBBD491FAB7C14007E71FD /* start.png */,
				CCDC51F41FA5D1C600B7A44F /* cloud.png */,
				CC784A2C1F8B417500AFA945 /* heart.png */,
				CC784A281F8B416E00AFA945 /* lightning.png */,
				CC784A291F8B416E00AFA945 /* star.png */,
				CC784A261F8B3FDA00AFA945 /* background.jpg */,
				CC784A201F8B3D3C00AFA945 /* player.png */,
			);
			path = Images;
			sourceTree = "<group>";
		};
		CC784A2F1F8B45C400AFA945 /* View */ = {
			isa = PBXGroup;
			children = (
				CC784A111F8B35F100AFA945 /* Main.storyboard */,
				CC784A161F8B35F100AFA945 /* LaunchScreen.storyboard */,
				CC784A321F8B462B00AFA945 /* Weapon.swift */,
				CCDC51F01FA5C7AF00B7A44F /* HelpItem.swift */,
			);
			path = View;
			sourceTree = "<group>";
		};
		CC784A301F8B45CB00AFA945 /* Controller */ = {
			isa = PBXGroup;
			children = (
				CCFDD1AC1FAB774100E6E299 /* Initial */,
				CCFDD1AB1FAB773500E6E299 /* Main */,
			);
			path = Controller;
			sourceTree = "<group>";
		};
		CC784A311F8B45D100AFA945 /* Model */ = {
			isa = PBXGroup;
			children = (
			);
			path = Model;
			sourceTree = "<group>";
		};
		CCEBBD4B1FAC769A007E71FD /* Frameworks */ = {
			isa = PBXGroup;
			children = (
				CCEBBD4C1FAC769A007E71FD /* AVFoundation.framework */,
			);
			name = Frameworks;
			sourceTree = "<group>";
		};
		CCEBBD4D1FAC76DD007E71FD /* sounds */ = {
			isa = PBXGroup;
			children = (
				CCEBBD4F1FAC76F0007E71FD /* gameclear.wav */,
				CCEBBD501FAC76F0007E71FD /* gameover.mp3 */,
				CCEBBD4E1FAC76F0007E71FD /* se1.mp3 */,
			);
			path = sounds;
			sourceTree = "<group>";
		};
		CCFDD1AB1FAB773500E6E299 /* Main */ = {
			isa = PBXGroup;
			children = (
				CC784A0F1F8B35F100AFA945 /* MainViewController.swift */,
				CCDC51F21FA5C96A00B7A44F /* JudgeIntersect.swift */,
				CC275E2B1FA632DF00E8CB24 /* StateGame.swift */,
				CCEBBD541FAC7DED007E71FD /* Sounds.swift */,
				CCEBBD581FACA656007E71FD /* TouchScreen.swift */,
			);
			path = Main;
			sourceTree = "<group>";
		};
		CCFDD1AC1FAB774100E6E299 /* Initial */ = {
			isa = PBXGroup;
			children = (
				CCFDD1A71FAB6A4F00E6E299 /* InitialViewController.swift */,
			);
			path = Initial;
			sourceTree = "<group>";
		};
/* End PBXGroup section */

/* Begin PBXNativeTarget section */
		CC784A091F8B35F100AFA945 /* OriginalGame */ = {
			isa = PBXNativeTarget;
			buildConfigurationList = CC784A1C1F8B35F100AFA945 /* Build configuration list for PBXNativeTarget "OriginalGame" */;
			buildPhases = (
				CC784A061F8B35F100AFA945 /* Sources */,
				CC784A071F8B35F100AFA945 /* Frameworks */,
				CC784A081F8B35F100AFA945 /* Resources */,
			);
			buildRules = (
			);
			dependencies = (
			);
			name = OriginalGame;
			productName = OriginalGame;
			productReference = CC784A0A1F8B35F100AFA945 /* OriginalGame.app */;
			productType = "com.apple.product-type.application";
		};
/* End PBXNativeTarget section */

/* Begin PBXProject section */
		CC784A021F8B35F100AFA945 /* Project object */ = {
			isa = PBXProject;
			attributes = {
				LastSwiftUpdateCheck = 0900;
				LastUpgradeCheck = 0900;
				ORGANIZATIONNAME = taku;
				TargetAttributes = {
					CC784A091F8B35F100AFA945 = {
						CreatedOnToolsVersion = 9.0;
						ProvisioningStyle = Automatic;
					};
				};
			};
			buildConfigurationList = CC784A051F8B35F100AFA945 /* Build configuration list for PBXProject "OriginalGame" */;
			compatibilityVersion = "Xcode 8.0";
			developmentRegion = en;
			hasScannedForEncodings = 0;
			knownRegions = (
				en,
				Base,
			);
			mainGroup = CC784A011F8B35F100AFA945;
			productRefGroup = CC784A0B1F8B35F100AFA945 /* Products */;
			projectDirPath = "";
			projectRoot = "";
			targets = (
				CC784A091F8B35F100AFA945 /* OriginalGame */,
			);
		};
/* End PBXProject section */

/* Begin PBXResourcesBuildPhase section */
		CC784A081F8B35F100AFA945 /* Resources */ = {
			isa = PBXResourcesBuildPhase;
			buildActionMask = 2147483647;
			files = (
				CCDC51F51FA5D1C600B7A44F /* cloud.png in Resources */,
				CC784A2D1F8B417500AFA945 /* heart.png in Resources */,
				CCEBBD521FAC76F0007E71FD /* gameclear.wav in Resources */,
				CCEBBD4A1FAB7C14007E71FD /* start.png in Resources */,
				CC784A181F8B35F100AFA945 /* LaunchScreen.storyboard in Resources */,
				CC784A271F8B3FDA00AFA945 /* background.jpg in Resources */,
				CCEBBD511FAC76F0007E71FD /* se1.mp3 in Resources */,
				CCEBBD531FAC76F0007E71FD /* gameover.mp3 in Resources */,
				CC784A151F8B35F100AFA945 /* Assets.xcassets in Resources */,
				CC784A211F8B3D3C00AFA945 /* player.png in Resources */,
				CC784A2B1F8B416E00AFA945 /* star.png in Resources */,
				CC784A2A1F8B416E00AFA945 /* lightning.png in Resources */,
				CC784A131F8B35F100AFA945 /* Main.storyboard in Resources */,
			);
			runOnlyForDeploymentPostprocessing = 0;
		};
/* End PBXResourcesBuildPhase section */

/* Begin PBXSourcesBuildPhase section */
		CC784A061F8B35F100AFA945 /* Sources */ = {
			isa = PBXSourcesBuildPhase;
			buildActionMask = 2147483647;
			files = (
				CC784A101F8B35F100AFA945 /* MainViewController.swift in Sources */,
				CCFDD1A81FAB6A4F00E6E299 /* InitialViewController.swift in Sources */,
				CCFDD1AA1FAB70AE00E6E299 /* Constans.swift in Sources */,
				CCDC51F11FA5C7AF00B7A44F /* HelpItem.swift in Sources */,
				CC784A0E1F8B35F100AFA945 /* AppDelegate.swift in Sources */,
				CC784A331F8B462B00AFA945 /* Weapon.swift in Sources */,
				CCEBBD551FAC7DED007E71FD /* Sounds.swift in Sources */,
				CCEBBD591FACA656007E71FD /* TouchScreen.swift in Sources */,
				CC275E2C1FA632DF00E8CB24 /* StateGame.swift in Sources */,
				CCDC51F31FA5C96A00B7A44F /* JudgeIntersect.swift in Sources */,
			);
			runOnlyForDeploymentPostprocessing = 0;
		};
/* End PBXSourcesBuildPhase section */

/* Begin PBXVariantGroup section */
		CC784A111F8B35F100AFA945 /* Main.storyboard */ = {
			isa = PBXVariantGroup;
			children = (
				CC784A121F8B35F100AFA945 /* Base */,
			);
			name = Main.storyboard;
			sourceTree = "<group>";
		};
		CC784A161F8B35F100AFA945 /* LaunchScreen.storyboard */ = {
			isa = PBXVariantGroup;
			children = (
				CC784A171F8B35F100AFA945 /* Base */,
			);
			name = LaunchScreen.storyboard;
			sourceTree = "<group>";
		};
/* End PBXVariantGroup section */

/* Begin XCBuildConfiguration section */
		CC784A1A1F8B35F100AFA945 /* Debug */ = {
			isa = XCBuildConfiguration;
			buildSettings = {
				ALWAYS_SEARCH_USER_PATHS = NO;
				CLANG_ANALYZER_NONNULL = YES;
				CLANG_ANALYZER_NUMBER_OBJECT_CONVERSION = YES_AGGRESSIVE;
				CLANG_CXX_LANGUAGE_STANDARD = "gnu++14";
				CLANG_CXX_LIBRARY = "libc++";
				CLANG_ENABLE_MODULES = YES;
				CLANG_ENABLE_OBJC_ARC = YES;
				CLANG_WARN_BLOCK_CAPTURE_AUTORELEASING = YES;
				CLANG_WARN_BOOL_CONVERSION = YES;
				CLANG_WARN_COMMA = YES;
				CLANG_WARN_CONSTANT_CONVERSION = YES;
				CLANG_WARN_DIRECT_OBJC_ISA_USAGE = YES_ERROR;
				CLANG_WARN_DOCUMENTATION_COMMENTS = YES;
				CLANG_WARN_EMPTY_BODY = YES;
				CLANG_WARN_ENUM_CONVERSION = YES;
				CLANG_WARN_INFINITE_RECURSION = YES;
				CLANG_WARN_INT_CONVERSION = YES;
				CLANG_WARN_NON_LITERAL_NULL_CONVERSION = YES;
				CLANG_WARN_OBJC_LITERAL_CONVERSION = YES;
				CLANG_WARN_OBJC_ROOT_CLASS = YES_ERROR;
				CLANG_WARN_RANGE_LOOP_ANALYSIS = YES;
				CLANG_WARN_STRICT_PROTOTYPES = YES;
				CLANG_WARN_SUSPICIOUS_MOVE = YES;
				CLANG_WARN_UNGUARDED_AVAILABILITY = YES_AGGRESSIVE;
				CLANG_WARN_UNREACHABLE_CODE = YES;
				CLANG_WARN__DUPLICATE_METHOD_MATCH = YES;
				CODE_SIGN_IDENTITY = "iPhone Developer";
				COPY_PHASE_STRIP = NO;
				DEBUG_INFORMATION_FORMAT = dwarf;
				ENABLE_STRICT_OBJC_MSGSEND = YES;
				ENABLE_TESTABILITY = YES;
				GCC_C_LANGUAGE_STANDARD = gnu11;
				GCC_DYNAMIC_NO_PIC = NO;
				GCC_NO_COMMON_BLOCKS = YES;
				GCC_OPTIMIZATION_LEVEL = 0;
				GCC_PREPROCESSOR_DEFINITIONS = (
					"DEBUG=1",
					"$(inherited)",
				);
				GCC_WARN_64_TO_32_BIT_CONVERSION = YES;
				GCC_WARN_ABOUT_RETURN_TYPE = YES_ERROR;
				GCC_WARN_UNDECLARED_SELECTOR = YES;
				GCC_WARN_UNINITIALIZED_AUTOS = YES_AGGRESSIVE;
				GCC_WARN_UNUSED_FUNCTION = YES;
				GCC_WARN_UNUSED_VARIABLE = YES;
				IPHONEOS_DEPLOYMENT_TARGET = 11.0;
				MTL_ENABLE_DEBUG_INFO = YES;
				ONLY_ACTIVE_ARCH = YES;
				SDKROOT = iphoneos;
				SWIFT_ACTIVE_COMPILATION_CONDITIONS = DEBUG;
				SWIFT_OPTIMIZATION_LEVEL = "-Onone";
			};
			name = Debug;
		};
		CC784A1B1F8B35F100AFA945 /* Release */ = {
			isa = XCBuildConfiguration;
			buildSettings = {
				ALWAYS_SEARCH_USER_PATHS = NO;
				CLANG_ANALYZER_NONNULL = YES;
				CLANG_ANALYZER_NUMBER_OBJECT_CONVERSION = YES_AGGRESSIVE;
				CLANG_CXX_LANGUAGE_STANDARD = "gnu++14";
				CLANG_CXX_LIBRARY = "libc++";
				CLANG_ENABLE_MODULES = YES;
				CLANG_ENABLE_OBJC_ARC = YES;
				CLANG_WARN_BLOCK_CAPTURE_AUTORELEASING = YES;
				CLANG_WARN_BOOL_CONVERSION = YES;
				CLANG_WARN_COMMA = YES;
				CLANG_WARN_CONSTANT_CONVERSION = YES;
				CLANG_WARN_DIRECT_OBJC_ISA_USAGE = YES_ERROR;
				CLANG_WARN_DOCUMENTATION_COMMENTS = YES;
				CLANG_WARN_EMPTY_BODY = YES;
				CLANG_WARN_ENUM_CONVERSION = YES;
				CLANG_WARN_INFINITE_RECURSION = YES;
				CLANG_WARN_INT_CONVERSION = YES;
				CLANG_WARN_NON_LITERAL_NULL_CONVERSION = YES;
				CLANG_WARN_OBJC_LITERAL_CONVERSION = YES;
				CLANG_WARN_OBJC_ROOT_CLASS = YES_ERROR;
				CLANG_WARN_RANGE_LOOP_ANALYSIS = YES;
				CLANG_WARN_STRICT_PROTOTYPES = YES;
				CLANG_WARN_SUSPICIOUS_MOVE = YES;
				CLANG_WARN_UNGUARDED_AVAILABILITY = YES_AGGRESSIVE;
				CLANG_WARN_UNREACHABLE_CODE = YES;
				CLANG_WARN__DUPLICATE_METHOD_MATCH = YES;
				CODE_SIGN_IDENTITY = "iPhone Developer";
				COPY_PHASE_STRIP = NO;
				DEBUG_INFORMATION_FORMAT = "dwarf-with-dsym";
				ENABLE_NS_ASSERTIONS = NO;
				ENABLE_STRICT_OBJC_MSGSEND = YES;
				GCC_C_LANGUAGE_STANDARD = gnu11;
				GCC_NO_COMMON_BLOCKS = YES;
				GCC_WARN_64_TO_32_BIT_CONVERSION = YES;
				GCC_WARN_ABOUT_RETURN_TYPE = YES_ERROR;
				GCC_WARN_UNDECLARED_SELECTOR = YES;
				GCC_WARN_UNINITIALIZED_AUTOS = YES_AGGRESSIVE;
				GCC_WARN_UNUSED_FUNCTION = YES;
				GCC_WARN_UNUSED_VARIABLE = YES;
				IPHONEOS_DEPLOYMENT_TARGET = 11.0;
				MTL_ENABLE_DEBUG_INFO = NO;
				SDKROOT = iphoneos;
				SWIFT_OPTIMIZATION_LEVEL = "-Owholemodule";
				VALIDATE_PRODUCT = YES;
			};
			name = Release;
		};
		CC784A1D1F8B35F100AFA945 /* Debug */ = {
			isa = XCBuildConfiguration;
			buildSettings = {
				ASSETCATALOG_COMPILER_APPICON_NAME = AppIcon;
				CODE_SIGN_STYLE = Automatic;
				DEVELOPMENT_TEAM = ZCYDEPGR36;
				INFOPLIST_FILE = OriginalGame/Info.plist;
				LD_RUNPATH_SEARCH_PATHS = "$(inherited) @executable_path/Frameworks";
				PRODUCT_BUNDLE_IDENTIFIER = com.taku24.OriginalGame;
				PRODUCT_NAME = "$(TARGET_NAME)";
				SWIFT_VERSION = 4.0;
				TARGETED_DEVICE_FAMILY = "1,2";
			};
			name = Debug;
		};
		CC784A1E1F8B35F100AFA945 /* Release */ = {
			isa = XCBuildConfiguration;
			buildSettings = {
				ASSETCATALOG_COMPILER_APPICON_NAME = AppIcon;
				CODE_SIGN_STYLE = Automatic;
				DEVELOPMENT_TEAM = ZCYDEPGR36;
				INFOPLIST_FILE = OriginalGame/Info.plist;
				LD_RUNPATH_SEARCH_PATHS = "$(inherited) @executable_path/Frameworks";
				PRODUCT_BUNDLE_IDENTIFIER = com.taku24.OriginalGame;
				PRODUCT_NAME = "$(TARGET_NAME)";
				SWIFT_VERSION = 4.0;
				TARGETED_DEVICE_FAMILY = "1,2";
			};
			name = Release;
		};
/* End XCBuildConfiguration section */

/* Begin XCConfigurationList section */
		CC784A051F8B35F100AFA945 /* Build configuration list for PBXProject "OriginalGame" */ = {
			isa = XCConfigurationList;
			buildConfigurations = (
				CC784A1A1F8B35F100AFA945 /* Debug */,
				CC784A1B1F8B35F100AFA945 /* Release */,
			);
			defaultConfigurationIsVisible = 0;
			defaultConfigurationName = Release;
		};
		CC784A1C1F8B35F100AFA945 /* Build configuration list for PBXNativeTarget "OriginalGame" */ = {
			isa = XCConfigurationList;
			buildConfigurations = (
				CC784A1D1F8B35F100AFA945 /* Debug */,
				CC784A1E1F8B35F100AFA945 /* Release */,
			);
			defaultConfigurationIsVisible = 0;
			defaultConfigurationName = Release;
		};
/* End XCConfigurationList section */
	};
	rootObject = CC784A021F8B35F100AFA945 /* Project object */;
}
